
Microsoft Visual Studio Solution File, Format Version 12.00
# Visual Studio Version 16
VisualStudioVersion = 16.0.31729.503
MinimumVisualStudioVersion = 10.0.40219.1
Project("{FAE04EC0-301F-11D3-BF4B-00C04F79EFBC}") = "NewsPortal", "NewsPortal\NewsPortal.csproj", "{083ECEC8-3071-46BD-A725-C2F517E7CD29}"
EndProject
Project("{FAE04EC0-301F-11D3-BF4B-00C04F79EFBC}") = "DAL", "DAL\DAL.csproj", "{C5BA8464-4AD0-47CD-BEBD-1A1D4E02048B}"
EndProject
Project("{FAE04EC0-301F-11D3-BF4B-00C04F79EFBC}") = "BLL", "BLL\BLL.csproj", "{C84A0872-7E05-4297-A636-FDFBF9F46765}"
EndProject
Global
	GlobalSection(SolutionConfigurationPlatforms) = preSolution
		Debug|Any CPU = Debug|Any CPU
		Release|Any CPU = Release|Any CPU
	EndGlobalSection
	GlobalSection(ProjectConfigurationPlatforms) = postSolution
		{083ECEC8-3071-46BD-A725-C2F517E7CD29}.Debug|Any CPU.ActiveCfg = Debug|Any CPU
		{083ECEC8-3071-46BD-A725-C2F517E7CD29}.Debug|Any CPU.Build.0 = Debug|Any CPU
		{083ECEC8-3071-46BD-A725-C2F517E7CD29}.Release|Any CPU.ActiveCfg = Release|Any CPU
		{083ECEC8-3071-46BD-A725-C2F517E7CD29}.Release|Any CPU.Build.0 = Release|Any CPU
		{C5BA8464-4AD0-47CD-BEBD-1A1D4E02048B}.Debug|Any CPU.ActiveCfg = Debug|Any CPU
		{C5BA8464-4AD0-47CD-BEBD-1A1D4E02048B}.Debug|Any CPU.Build.0 = Debug|Any CPU
		{C5BA8464-4AD0-47CD-BEBD-1A1D4E02048B}.Release|Any CPU.ActiveCfg = Release|Any CPU
		{C5BA8464-4AD0-47CD-BEBD-1A1D4E02048B}.Release|Any CPU.Build.0 = Release|Any CPU
		{C84A0872-7E05-4297-A636-FDFBF9F46765}.Debug|Any CPU.ActiveCfg = Debug|Any CPU
		{C84A0872-7E05-4297-A636-FDFBF9F46765}.Debug|Any CPU.Build.0 = Debug|Any CPU
		{C84A0872-7E05-4297-A636-FDFBF9F46765}.Release|Any CPU.ActiveCfg = Release|Any CPU
		{C84A0872-7E05-4297-A636-FDFBF9F46765}.Release|Any CPU.Build.0 = Release|Any CPU
	EndGlobalSection
	GlobalSection(SolutionProperties) = preSolution
		HideSolutionNode = FALSE
	EndGlobalSection
	GlobalSection(ExtensibilityGlobals) = postSolution
		SolutionGuid = {46D7F6D4-D39B-465F-ABAA-3C733F764787}
	EndGlobalSection
EndGlobal
