
Microsoft Visual Studio Solution File, Format Version 12.00
# Visual Studio Version 16
VisualStudioVersion = 16.0.31729.503
MinimumVisualStudioVersion = 10.0.40219.1
Project("{FAE04EC0-301F-11D3-BF4B-00C04F79EFBC}") = "APIWeb", "APIWeb\APIWeb.csproj", "{5625AC8F-B5DC-4AA3-ABBB-D836EDC1C8CE}"
EndProject
Project("{FAE04EC0-301F-11D3-BF4B-00C04F79EFBC}") = "DAL", "DAL\DAL.csproj", "{D42AAD0E-51AC-45E2-8FC8-D53789B5C4F2}"
EndProject
Project("{FAE04EC0-301F-11D3-BF4B-00C04F79EFBC}") = "BLL", "BLL\BLL.csproj", "{1216982B-76A5-4EA1-8EAB-919E967A9CCE}"
EndProject
Global
	GlobalSection(SolutionConfigurationPlatforms) = preSolution
		Debug|Any CPU = Debug|Any CPU
		Release|Any CPU = Release|Any CPU
	EndGlobalSection
	GlobalSection(ProjectConfigurationPlatforms) = postSolution
		{5625AC8F-B5DC-4AA3-ABBB-D836EDC1C8CE}.Debug|Any CPU.ActiveCfg = Debug|Any CPU
		{5625AC8F-B5DC-4AA3-ABBB-D836EDC1C8CE}.Debug|Any CPU.Build.0 = Debug|Any CPU
		{5625AC8F-B5DC-4AA3-ABBB-D836EDC1C8CE}.Release|Any CPU.ActiveCfg = Release|Any CPU
		{5625AC8F-B5DC-4AA3-ABBB-D836EDC1C8CE}.Release|Any CPU.Build.0 = Release|Any CPU
		{D42AAD0E-51AC-45E2-8FC8-D53789B5C4F2}.Debug|Any CPU.ActiveCfg = Debug|Any CPU
		{D42AAD0E-51AC-45E2-8FC8-D53789B5C4F2}.Debug|Any CPU.Build.0 = Debug|Any CPU
		{D42AAD0E-51AC-45E2-8FC8-D53789B5C4F2}.Release|Any CPU.ActiveCfg = Release|Any CPU
		{D42AAD0E-51AC-45E2-8FC8-D53789B5C4F2}.Release|Any CPU.Build.0 = Release|Any CPU
		{1216982B-76A5-4EA1-8EAB-919E967A9CCE}.Debug|Any CPU.ActiveCfg = Debug|Any CPU
		{1216982B-76A5-4EA1-8EAB-919E967A9CCE}.Debug|Any CPU.Build.0 = Debug|Any CPU
		{1216982B-76A5-4EA1-8EAB-919E967A9CCE}.Release|Any CPU.ActiveCfg = Release|Any CPU
		{1216982B-76A5-4EA1-8EAB-919E967A9CCE}.Release|Any CPU.Build.0 = Release|Any CPU
	EndGlobalSection
	GlobalSection(SolutionProperties) = preSolution
		HideSolutionNode = FALSE
	EndGlobalSection
	GlobalSection(ExtensibilityGlobals) = postSolution
		SolutionGuid = {6687A855-D0B1-4532-9902-6049D3201F3B}
	EndGlobalSection
EndGlobal
